version = 1
revision = 3
requires-python = "==3.12.*"

[[package]]
name = "dungeon"
version = "0.1.0"
source = { virtual = "." }
dependencies = [
    { name = "moderngl" },
    { name = "numpy" },
    { name = "pygame" },
    { name = "rich" },
]

[package.metadata]
requires-dist = [
    { name = "moderngl", specifier = ">=5.12.0" },
    { name = "numpy", specifier = ">=2.4.4" },
    { name = "pygame", specifier = ">=2.6.1" },
    { name = "rich", specifier = ">=15.0.0" },
]

[[package]]
name = "glcontext"
version = "3.0.0"
source = { registry = "https://pypi.org/simple" }
sdist = { url = "https://files.pythonhosted.org/packages/3a/80/8238a0e6e972292061176141c1028b5e670aa8c94cf4c2f819bd730d314e/glcontext-3.0.0.tar.gz", hash = "sha256:57168edcd38df2fc0d70c318edf6f7e59091fba1cd3dadb289d0aa50449211ef", size = 16422, upload-time = "2024-08-10T20:01:20.004Z" }
wheels = [
    { url = "https://files.pythonhosted.org/packages/6e/61/d8f77d44bbf477b235ecbff8d421a5511d4b4f6dc676dacd84d012348516/glcontext-3.0.0-cp312-cp312-macosx_10_9_x86_64.whl", hash = "sha256:848f870a2bc72a29de7ab6756b9e8f2e6ce052e17873ebc6b3f25129b6e0d58a", size = 9360, upload-time = "2024-08-10T20:00:20.42Z" },
    { url = "https://files.pythonhosted.org/packages/de/46/680a97d974cfe7af798542918b65bd8e65a5f8f7647edfd9fdb91a95df6c/glcontext-3.0.0-cp312-cp312-macosx_11_0_arm64.whl", hash = "sha256:4b3b12a66f57379566dd4d36899ac265abdbe040f3fc3293f50cd6678a1dcc9b", size = 9733, upload-time = "2024-08-10T20:00:21.624Z" },
    { url = "https://files.pythonhosted.org/packages/74/2c/be188c4eb63b4d0cc74c644a1519b5e3a37488da3cbda724570cd5fed8d3/glcontext-3.0.0-cp312-cp312-manylinux_2_5_i686.manylinux1_i686.manylinux_2_17_i686.manylinux2014_i686.whl", hash = "sha256:449eaefd89c0519900715b8363ead59ac4aa32457722ca521ce01297441edb34", size = 50409, upload-time = "2024-08-10T20:00:22.827Z" },
    { url = "https://files.pythonhosted.org/packages/32/ba/9ccb80650e5bd61e739f16f33aec3bb290a80f314631be8f7dc0a2b22b5f/glcontext-3.0.0-cp312-cp312-manylinux_2_5_x86_64.manylinux1_x86_64.manylinux_2_17_x86_64.manylinux2014_x86_64.whl", hash = "sha256:04921720740438ceea8fb8a38b5665963520c7c8f27bef03df8aeb3ea3cfbfb6", size = 51440, upload-time = "2024-08-10T20:00:23.987Z" },
    { url = "https://files.pythonhosted.org/packages/c0/99/f6c9a0e614809ba5b83bd8403c475b788bd574d694bd5bc6b6ae2e2cefdf/glcontext-3.0.0-cp312-cp312-musllinux_1_2_i686.whl", hash = "sha256:25538bdb106f673638d70e8a16a0c037a92a24c4cf40a05f0d3fa14b483d6194", size = 44820, upload-time = "2024-08-10T20:00:25.436Z" },
    { url = "https://files.pythonhosted.org/packages/a2/29/fdbb94e4c9374390639b741774384f7413efcd7634cc9c4baacc2cf00a1f/glcontext-3.0.0-cp312-cp312-musllinux_1_2_x86_64.whl", hash = "sha256:d11f7701b900a5a34c994e1d91c547be1cc469b73f881471460fd905f69f9e4c", size = 47055, upload-time = "2024-08-10T20:00:26.723Z" },
    { url = "https://files.pythonhosted.org/packages/5d/fe/25b5348fe5e856697dacad34fc07e80f48eecfb38bd09806679fe0e62769/glcontext-3.0.0-cp312-cp312-win32.whl", hash = "sha256:5d2b567eaf34adb016aadce81fd2f1d4c8e4a39e3d6f2a395ce528e2a350dd3f", size = 12219, upload-time = "2024-08-10T20:00:27.76Z" },
    { url = "https://files.pythonhosted.org/packages/17/d3/6619693ddad97011ca1c9aaeb82216ab2bfd54757be752b12f4e9a2fc489/glcontext-3.0.0-cp312-cp312-win_amd64.whl", hash = "sha256:e80bb37ba727bd20c192f2754aea40c437a7665005c1001c10752f91913964e9", size = 12971, upload-time = "2024-08-10T20:00:29.575Z" },
]

[[package]]
name = "markdown-it-py"
version = "4.2.0"
source = { registry = "https://pypi.org/simple" }
dependencies = [
    { name = "mdurl" },
]
sdist = { url = "https://files.pythonhosted.org/packages/06/ff/7841249c247aa650a76b9ee4bbaeae59370dc8bfd2f6c01f3630c35eb134/markdown_it_py-4.2.0.tar.gz", hash = "sha256:04a21681d6fbb623de53f6f364d352309d4094dd4194040a10fd51833e418d49", size = 82454, upload-time = "2026-05-07T12:08:28.36Z" }
wheels = [
    { url = "https://files.pythonhosted.org/packages/b3/81/4da04ced5a082363ecfa159c010d200ecbd959ae410c10c0264a38cac0f5/markdown_it_py-4.2.0-py3-none-any.whl", hash = "sha256:9f7ebbcd14fe59494226453aed97c1070d83f8d24b6fc3a3bcf9a38092641c4a", size = 91687, upload-time = "2026-05-07T12:08:27.182Z" },
]

[[package]]
name = "mdurl"
version = "0.1.2"
source = { registry = "https://pypi.org/simple" }
sdist = { url = "https://files.pythonhosted.org/packages/d6/54/cfe61301667036ec958cb99bd3efefba235e65cdeb9c84d24a8293ba1d90/mdurl-0.1.2.tar.gz", hash = "sha256:bb413d29f5eea38f31dd4754dd7377d4465116fb207585f97bf925588687c1ba", size = 8729, upload-time = "2022-08-14T12:40:10.846Z" }
wheels = [
    { url = "https://files.pythonhosted.org/packages/b3/38/89ba8ad64ae25be8de66a6d463314cf1eb366222074cfda9ee839c56a4b4/mdurl-0.1.2-py3-none-any.whl", hash = "sha256:84008a41e51615a49fc9966191ff91509e3c40b939176e643fd50a5c2196b8f8", size = 9979, upload-time = "2022-08-14T12:40:09.779Z" },
]

[[package]]
name = "moderngl"
version = "5.12.0"
source = { registry = "https://pypi.org/simple" }
dependencies = [
    { name = "glcontext" },
]
sdist = { url = "https://files.pythonhosted.org/packages/da/52/540e2f8c45060bb2709f56eb5a44ae828dfcc97ccecb342c1a7deb467889/moderngl-5.12.0.tar.gz", hash = "sha256:52936a98ccb2f2e1d6e3cb18528b2919f6831e7e3f924e788b5873badce5129b", size = 193232, upload-time = "2024-10-17T12:36:28.002Z" }
wheels = [
    { url = "https://files.pythonhosted.org/packages/3c/66/31161e81bc85ca3cdbb9d94f703f21575e4ae9a2919e9d1af98fc7fdb1ba/moderngl-5.12.0-cp312-cp312-macosx_10_13_x86_64.whl", hash = "sha256:2750547707c1ec3790dfbeb9c90fb808672ff13f61cac392c706ba09fda10db0", size = 112101, upload-time = "2024-10-17T12:37:02.267Z" },
    { url = "https://files.pythonhosted.org/packages/84/b2/7229a89a40d33a95119a7c64c7ee36a6a6e376c57c39fb577ea513602f37/moderngl-5.12.0-cp312-cp312-macosx_11_0_arm64.whl", hash = "sha256:c5c2a5fe06c7021183d9274df798f25516409c8d55898c324dae8a0b2de10144", size = 109377, upload-time = "2024-10-17T12:37:03.843Z" },
    { url = "https://files.pythonhosted.org/packages/d7/96/bcb5141eae24474d80b8157b0c3055d25fa75f9804d4abb4a514695bbba9/moderngl-5.12.0-cp312-cp312-manylinux_2_17_x86_64.manylinux2014_x86_64.whl", hash = "sha256:b6c4972f3ddd10a3de6c30311da2c25bc493d023796e16c5d4e0f8bd6d5770be", size = 296394, upload-time = "2024-10-17T12:37:04.967Z" },
    { url = "https://files.pythonhosted.org/packages/b8/79/a9998ddf6757f4f15888b0a106d80a64a8c8991a8ce5c14047830704b9e6/moderngl-5.12.0-cp312-cp312-manylinux_2_5_i686.manylinux1_i686.manylinux_2_17_i686.manylinux2014_i686.whl", hash = "sha256:a4d497ec6a3f6afa9ebd0be816d9bfe2fe20fec2105acfb88d956619c3ed8eb4", size = 270548, upload-time = "2024-10-17T12:37:07.57Z" },
    { url = "https://files.pythonhosted.org/packages/17/f4/313dc301db936b231035b961e004f1914c2954bdcdf4985e24bff15e7ed5/moderngl-5.12.0-cp312-cp312-musllinux_1_2_i686.whl", hash = "sha256:2f3d240e9bc5d83257378bae59f8f35638b89d22bb003cf674b88fd7932161ce", size = 1345817, upload-time = "2024-10-17T12:37:09.105Z" },
    { url = "https://files.pythonhosted.org/packages/8c/6f/7b3587e7e3ae633b8c85038f035dfeb348ebf805de4beb01241c59c6b97c/moderngl-5.12.0-cp312-cp312-musllinux_1_2_x86_64.whl", hash = "sha256:6fa667d560d842e778e2a5968305fb78f9781616a11b1b93acd2562f97262ccf", size = 1274968, upload-time = "2024-10-17T12:37:11.092Z" },
    { url = "https://files.pythonhosted.org/packages/4f/e8/0f3b3cd1be7b0a93f33dc613f76a42021d1393b4949c5b6a1ca2a01c6772/moderngl-5.12.0-cp312-cp312-win32.whl", hash = "sha256:0a02fddd54dccee1ca6060bfed75a2e6a17dd3ee06920fac418506d8a8233849", size = 101221, upload-time = "2024-10-17T12:37:12.642Z" },
    { url = "https://files.pythonhosted.org/packages/56/85/35498b1821cf31c731b1882168db8924207ff3c06d8f0da53e1cc373a89d/moderngl-5.12.0-cp312-cp312-win_amd64.whl", hash = "sha256:8698a59ad03539a2982125b7998efc1c107ba31d5d03437b6fcd72cb2c226922", size = 108525, upload-time = "2024-10-17T12:37:13.816Z" },
]

[[package]]
name = "numpy"
version = "2.4.4"
source = { registry = "https://pypi.org/simple" }
sdist = { url = "https://files.pythonhosted.org/packages/d7/9f/b8cef5bffa569759033adda9481211426f12f53299629b410340795c2514/numpy-2.4.4.tar.gz", hash = "sha256:2d390634c5182175533585cc89f3608a4682ccb173cc9bb940b2881c8d6f8fa0", size = 20731587, upload-time = "2026-03-29T13:22:01.298Z" }
wheels = [
    { url = "https://files.pythonhosted.org/packages/28/05/32396bec30fb2263770ee910142f49c1476d08e8ad41abf8403806b520ce/numpy-2.4.4-cp312-cp312-macosx_10_13_x86_64.whl", hash = "sha256:15716cfef24d3a9762e3acdf87e27f58dc823d1348f765bbea6bef8c639bfa1b", size = 16689272, upload-time = "2026-03-29T13:18:49.223Z" },
    { url = "https://files.pythonhosted.org/packages/c5/f3/a983d28637bfcd763a9c7aafdb6d5c0ebf3d487d1e1459ffdb57e2f01117/numpy-2.4.4-cp312-cp312-macosx_11_0_arm64.whl", hash = "sha256:23cbfd4c17357c81021f21540da84ee282b9c8fba38a03b7b9d09ba6b951421e", size = 14699573, upload-time = "2026-03-29T13:18:52.629Z" },
    { url = "https://files.pythonhosted.org/packages/9b/fd/e5ecca1e78c05106d98028114f5c00d3eddb41207686b2b7de3e477b0e22/numpy-2.4.4-cp312-cp312-macosx_14_0_arm64.whl", hash = "sha256:8b3b60bb7cba2c8c81837661c488637eee696f59a877788a396d33150c35d842", size = 5204782, upload-time = "2026-03-29T13:18:55.579Z" },
    { url = "https://files.pythonhosted.org/packages/de/2f/702a4594413c1a8632092beae8aba00f1d67947389369b3777aed783fdca/numpy-2.4.4-cp312-cp312-macosx_14_0_x86_64.whl", hash = "sha256:e4a010c27ff6f210ff4c6ef34394cd61470d01014439b192ec22552ee867f2a8", size = 6552038, upload-time = "2026-03-29T13:18:57.769Z" },
    { url = "https://files.pythonhosted.org/packages/7f/37/eed308a8f56cba4d1fdf467a4fc67ef4ff4bf1c888f5fc980481890104b1/numpy-2.4.4-cp312-cp312-manylinux_2_27_aarch64.manylinux_2_28_aarch64.whl", hash = "sha256:f9e75681b59ddaa5e659898085ae0eaea229d054f2ac0c7e563a62205a700121", size = 15670666, upload-time = "2026-03-29T13:19:00.341Z" },
    { url = "https://files.pythonhosted.org/packages/0a/0d/0e3ecece05b7a7e87ab9fb587855548da437a061326fff64a223b6dcb78a/numpy-2.4.4-cp312-cp312-manylinux_2_27_x86_64.manylinux_2_28_x86_64.whl", hash = "sha256:81f4a14bee47aec54f883e0cad2d73986640c1590eb9bfaaba7ad17394481e6e", size = 16645480, upload-time = "2026-03-29T13:19:03.63Z" },
    { url = "https://files.pythonhosted.org/packages/34/49/f2312c154b82a286758ee2f1743336d50651f8b5195db18cdb63675ff649/numpy-2.4.4-cp312-cp312-musllinux_1_2_aarch64.whl", hash = "sha256:62d6b0f03b694173f9fcb1fb317f7222fd0b0b103e784c6549f5e53a27718c44", size = 17020036, upload-time = "2026-03-29T13:19:07.428Z" },
    { url = "https://files.pythonhosted.org/packages/7b/e9/736d17bd77f1b0ec4f9901aaec129c00d59f5d84d5e79bba540ef12c2330/numpy-2.4.4-cp312-cp312-musllinux_1_2_x86_64.whl", hash = "sha256:fbc356aae7adf9e6336d336b9c8111d390a05df88f1805573ebb0807bd06fd1d", size = 18368643, upload-time = "2026-03-29T13:19:10.775Z" },
    { url = "https://files.pythonhosted.org/packages/63/f6/d417977c5f519b17c8a5c3bc9e8304b0908b0e21136fe43bf628a1343914/numpy-2.4.4-cp312-cp312-win32.whl", hash = "sha256:0d35aea54ad1d420c812bfa0385c71cd7cc5bcf7c65fed95fc2cd02fe8c79827", size = 5961117, upload-time = "2026-03-29T13:19:13.464Z" },
    { url = "https://files.pythonhosted.org/packages/2d/5b/e1deebf88ff431b01b7406ca3583ab2bbb90972bbe1c568732e49c844f7e/numpy-2.4.4-cp312-cp312-win_amd64.whl", hash = "sha256:b5f0362dc928a6ecd9db58868fca5e48485205e3855957bdedea308f8672ea4a", size = 12320584, upload-time = "2026-03-29T13:19:16.155Z" },
    { url = "https://files.pythonhosted.org/packages/58/89/e4e856ac82a68c3ed64486a544977d0e7bdd18b8da75b78a577ca31c4395/numpy-2.4.4-cp312-cp312-win_arm64.whl", hash = "sha256:846300f379b5b12cc769334464656bc882e0735d27d9726568bc932fdc49d5ec", size = 10221450, upload-time = "2026-03-29T13:19:18.994Z" },
]

[[package]]
name = "pygame"
version = "2.6.1"
source = { registry = "https://pypi.org/simple" }
sdist = { url = "https://files.pythonhosted.org/packages/49/cc/08bba60f00541f62aaa252ce0cfbd60aebd04616c0b9574f755b583e45ae/pygame-2.6.1.tar.gz", hash = "sha256:56fb02ead529cee00d415c3e007f75e0780c655909aaa8e8bf616ee09c9feb1f", size = 14808125, upload-time = "2024-09-29T13:41:34.698Z" }
wheels = [
    { url = "https://files.pythonhosted.org/packages/92/16/2c602c332f45ff9526d61f6bd764db5096ff9035433e2172e2d2cadae8db/pygame-2.6.1-cp312-cp312-macosx_10_9_x86_64.whl", hash = "sha256:4ee7f2771f588c966fa2fa8b829be26698c9b4836f82ede5e4edc1a68594942e", size = 13118279, upload-time = "2024-09-29T14:26:30.427Z" },
    { url = "https://files.pythonhosted.org/packages/cd/53/77ccbc384b251c6e34bfd2e734c638233922449a7844e3c7a11ef91cee39/pygame-2.6.1-cp312-cp312-macosx_11_0_arm64.whl", hash = "sha256:c8040ea2ab18c6b255af706ec01355c8a6b08dc48d77fd4ee783f8fc46a843bf", size = 12384524, upload-time = "2024-09-29T14:26:49.996Z" },
    { url = "https://files.pythonhosted.org/packages/06/be/3ed337583f010696c3b3435e89a74fb29d0c74d0931e8f33c0a4246307a9/pygame-2.6.1-cp312-cp312-manylinux_2_17_aarch64.manylinux2014_aarch64.whl", hash = "sha256:c47a6938de93fa610accd4969e638c2aebcb29b2fca518a84c3a39d91ab47116", size = 13587123, upload-time = "2024-09-29T11:10:50.072Z" },
    { url = "https://files.pythonhosted.org/packages/fd/ca/b015586a450db59313535662991b34d24c1f0c0dc149cc5f496573900f4e/pygame-2.6.1-cp312-cp312-manylinux_2_17_i686.manylinux2014_i686.whl", hash = "sha256:33006f784e1c7d7e466fcb61d5489da59cc5f7eb098712f792a225df1d4e229d", size = 14275532, upload-time = "2024-09-29T11:39:59.356Z" },
    { url = "https://files.pythonhosted.org/packages/b9/f2/d31e6ad42d657af07be2ffd779190353f759a07b51232b9e1d724f2cda46/pygame-2.6.1-cp312-cp312-manylinux_2_17_x86_64.manylinux2014_x86_64.whl", hash = "sha256:1206125f14cae22c44565c9d333607f1d9f59487b1f1432945dfc809aeaa3e88", size = 13952653, upload-time = "2024-09-29T11:40:01.781Z" },
    { url = "https://files.pythonhosted.org/packages/f3/42/8ea2a6979e6fa971702fece1747e862e2256d4a8558fe0da6364dd946c53/pygame-2.6.1-cp312-cp312-win32.whl", hash = "sha256:84fc4054e25262140d09d39e094f6880d730199710829902f0d8ceae0213379e", size = 10252421, upload-time = "2024-09-29T11:14:26.877Z" },
    { url = "https://files.pythonhosted.org/packages/5f/90/7d766d54bb95939725e9a9361f9c06b0cfbe3fe100aa35400f0a461a278a/pygame-2.6.1-cp312-cp312-win_amd64.whl", hash = "sha256:3a9e7396be0d9633831c3f8d5d82dd63ba373ad65599628294b7a4f8a5a01a65", size = 10624591, upload-time = "2024-09-29T11:52:54.489Z" },
]

[[package]]
name = "pygments"
version = "2.20.0"
source = { registry = "https://pypi.org/simple" }
sdist = { url = "https://files.pythonhosted.org/packages/c3/b2/bc9c9196916376152d655522fdcebac55e66de6603a76a02bca1b6414f6c/pygments-2.20.0.tar.gz", hash = "sha256:6757cd03768053ff99f3039c1a36d6c0aa0b263438fcab17520b30a303a82b5f", size = 4955991, upload-time = "2026-03-29T13:29:33.898Z" }
wheels = [
    { url = "https://files.pythonhosted.org/packages/f4/7e/a72dd26f3b0f4f2bf1dd8923c85f7ceb43172af56d63c7383eb62b332364/pygments-2.20.0-py3-none-any.whl", hash = "sha256:81a9e26dd42fd28a23a2d169d86d7ac03b46e2f8b59ed4698fb4785f946d0176", size = 1231151, upload-time = "2026-03-29T13:29:30.038Z" },
]

[[package]]
name = "rich"
version = "15.0.0"
source = { registry = "https://pypi.org/simple" }
dependencies = [
    { name = "markdown-it-py" },
    { name = "pygments" },
]
sdist = { url = "https://files.pythonhosted.org/packages/c0/8f/0722ca900cc807c13a6a0c696dacf35430f72e0ec571c4275d2371fca3e9/rich-15.0.0.tar.gz", hash = "sha256:edd07a4824c6b40189fb7ac9bc4c52536e9780fbbfbddf6f1e2502c31b068c36", size = 230680, upload-time = "2026-04-12T08:24:00.75Z" }
wheels = [
    { url = "https://files.pythonhosted.org/packages/82/3b/64d4899d73f91ba49a8c18a8ff3f0ea8f1c1d75481760df8c68ef5235bf5/rich-15.0.0-py3-none-any.whl", hash = "sha256:33bd4ef74232fb73fe9279a257718407f169c09b78a87ad3d296f548e27de0bb", size = 310654, upload-time = "2026-04-12T08:24:02.83Z" },
]
